
Microsoft Visual Studio Solution File, Format Version 12.00
# Visual Studio 15
VisualStudioVersion = 15.0.28307.271
MinimumVisualStudioVersion = 10.0.40219.1
Project("{FAE04EC0-301F-11D3-BF4B-00C04F79EFBC}") = "SocketNetClient", "SocketNetClient.csproj", "{ED8A7915-9595-4EDE-B2A0-BFE5F1E5D7CC}"
EndProject
Global
	GlobalSection(SolutionConfigurationPlatforms) = preSolution
		Debug|Any CPU = Debug|Any CPU
		Release|Any CPU = Release|Any CPU
	EndGlobalSection
	GlobalSection(ProjectConfigurationPlatforms) = postSolution
		{ED8A7915-9595-4EDE-B2A0-BFE5F1E5D7CC}.Debug|Any CPU.ActiveCfg = Debug|Any CPU
		{ED8A7915-9595-4EDE-B2A0-BFE5F1E5D7CC}.Debug|Any CPU.Build.0 = Debug|Any CPU
		{ED8A7915-9595-4EDE-B2A0-BFE5F1E5D7CC}.Release|Any CPU.ActiveCfg = Release|Any CPU
		{ED8A7915-9595-4EDE-B2A0-BFE5F1E5D7CC}.Release|Any CPU.Build.0 = Release|Any CPU
	EndGlobalSection
	GlobalSection(SolutionProperties) = preSolution
		HideSolutionNode = FALSE
	EndGlobalSection
	GlobalSection(ExtensibilityGlobals) = postSolution
		SolutionGuid = {7A5F21BE-76D1-4936-AB5D-99A48DE26497}
	EndGlobalSection
EndGlobal
